// !$*UTF8*$!
{
	archiveVersion = 1;
	classes = {
	};
	objectVersion = 56;
	objects = {

/* Begin PBXBuildFile section */
		F8CB511429BD45D800537FF2 /* AppDelegate.swift in Sources */ = {isa = PBXBuildFile; fileRef = F8CB511329BD45D800537FF2 /* AppDelegate.swift */; };
		F8CB511629BD45D800537FF2 /* SceneDelegate.swift in Sources */ = {isa = PBXBuildFile; fileRef = F8CB511529BD45D800537FF2 /* SceneDelegate.swift */; };
		F8CB511829BD45D800537FF2 /* ViewController.swift in Sources */ = {isa = PBXBuildFile; fileRef = F8CB511729BD45D800537FF2 /* ViewController.swift */; };
		F8CB511B29BD45D800537FF2 /* Main.storyboard in Resources */ = {isa = PBXBuildFile; fileRef = F8CB511929BD45D800537FF2 /* Main.storyboard */; };
		F8CB511D29BD45D900537FF2 /* Assets.xcassets in Resources */ = {isa = PBXBuildFile; fileRef = F8CB511C29BD45D900537FF2 /* Assets.xcassets */; };
		F8CB512029BD45D900537FF2 /* LaunchScreen.storyboard in Resources */ = {isa = PBXBuildFile; fileRef = F8CB511E29BD45D900537FF2 /* LaunchScreen.storyboard */; };
		F8CB512B29BD45D900537FF2 /* TodoTests.swift in Sources */ = {isa = PBXBuildFile; fileRef = F8CB512A29BD45D900537FF2 /* TodoTests.swift */; };
		F8CB513529BD45DA00537FF2 /* TodoUITests.swift in Sources */ = {isa = PBXBuildFile; fileRef = F8CB513429BD45DA00537FF2 /* TodoUITests.swift */; };
		F8CB513729BD45DA00537FF2 /* TodoUITestsLaunchTests.swift in Sources */ = {isa = PBXBuildFile; fileRef = F8CB513629BD45DA00537FF2 /* TodoUITestsLaunchTests.swift */; };
/* End PBXBuildFile section */

/* Begin PBXContainerItemProxy section */
		F8CB512729BD45D900537FF2 /* PBXContainerItemProxy */ = {
			isa = PBXContainerItemProxy;
			containerPortal = F8CB510829BD45D800537FF2 /* Project object */;
			proxyType = 1;
			remoteGlobalIDString = F8CB510F29BD45D800537FF2;
			remoteInfo = Todo;
		};
		F8CB513129BD45DA00537FF2 /* PBXContainerItemProxy */ = {
			isa = PBXContainerItemProxy;
			containerPortal = F8CB510829BD45D800537FF2 /* Project object */;
			proxyType = 1;
			remoteGlobalIDString = F8CB510F29BD45D800537FF2;
			remoteInfo = Todo;
		};
/* End PBXContainerItemProxy section */

/* Begin PBXFileReference section */
		F8CB511029BD45D800537FF2 /* Todo.app */ = {isa = PBXFileReference; explicitFileType = wrapper.application; includeInIndex = 0; path = Todo.app; sourceTree = BUILT_PRODUCTS_DIR; };
		F8CB511329BD45D800537FF2 /* AppDelegate.swift */ = {isa = PBXFileReference; lastKnownFileType = sourcecode.swift; path = AppDelegate.swift; sourceTree = "<group>"; };
		F8CB511529BD45D800537FF2 /* SceneDelegate.swift */ = {isa = PBXFileReference; lastKnownFileType = sourcecode.swift; path = SceneDelegate.swift; sourceTree = "<group>"; };
		F8CB511729BD45D800537FF2 /* ViewController.swift */ = {isa = PBXFileReference; lastKnownFileType = sourcecode.swift; path = ViewController.swift; sourceTree = "<group>"; };
		F8CB511A29BD45D800537FF2 /* Base */ = {isa = PBXFileReference; lastKnownFileType = file.storyboard; name = Base; path = Base.lproj/Main.storyboard; sourceTree = "<group>"; };
		F8CB511C29BD45D900537FF2 /* Assets.xcassets */ = {isa = PBXFileReference; lastKnownFileType = folder.assetcatalog; path = Assets.xcassets; sourceTree = "<group>"; };
		F8CB511F29BD45D900537FF2 /* Base */ = {isa = PBXFileReference; lastKnownFileType = file.storyboard; name = Base; path = Base.lproj/LaunchScreen.storyboard; sourceTree = "<group>"; };
		F8CB512129BD45D900537FF2 /* Info.plist */ = {isa = PBXFileReference; lastKnownFileType = text.plist.xml; path = Info.plist; sourceTree = "<group>"; };
		F8CB512629BD45D900537FF2 /* TodoTests.xctest */ = {isa = PBXFileReference; explicitFileType = wrapper.cfbundle; includeInIndex = 0; path = TodoTests.xctest; sourceTree = BUILT_PRODUCTS_DIR; };
		F8CB512A29BD45D900537FF2 /* TodoTests.swift */ = {isa = PBXFileReference; lastKnownFileType = sourcecode.swift; path = TodoTests.swift; sourceTree = "<group>"; };
		F8CB513029BD45DA00537FF2 /* TodoUITests.xctest */ = {isa = PBXFileReference; explicitFileType = wrapper.cfbundle; includeInIndex = 0; path = TodoUITests.xctest; sourceTree = BUILT_PRODUCTS_DIR; };
		F8CB513429BD45DA00537FF2 /* TodoUITests.swift */ = {isa = PBXFileReference; lastKnownFileType = sourcecode.swift; path = TodoUITests.swift; sourceTree = "<group>"; };
		F8CB513629BD45DA00537FF2 /* TodoUITestsLaunchTests.swift */ = {isa = PBXFileReference; lastKnownFileType = sourcecode.swift; path = TodoUITestsLaunchTests.swift; sourceTree = "<group>"; };
/* End PBXFileReference section */

/* Begin PBXFrameworksBuildPhase section */
		F8CB510D29BD45D800537FF2 /* Frameworks */ = {
			isa = PBXFrameworksBuildPhase;
			buildActionMask = 2147483647;
			files = (
			);
			runOnlyForDeploymentPostprocessing = 0;
		};
		F8CB512329BD45D900537FF2 /* Frameworks */ = {
			isa = PBXFrameworksBuildPhase;
			buildActionMask = 2147483647;
			files = (
			);
			runOnlyForDeploymentPostprocessing = 0;
		};
		F8CB512D29BD45DA00537FF2 /* Frameworks */ = {
			isa = PBXFrameworksBuildPhase;
			buildActionMask = 2147483647;
			files = (
			);
			runOnlyForDeploymentPostprocessing = 0;
		};
/* End PBXFrameworksBuildPhase section */

/* Begin PBXGroup section */
		F8CB510729BD45D800537FF2 = {
			isa = PBXGroup;
			children = (
				F8CB511229BD45D800537FF2 /* Todo */,
				F8CB512929BD45D900537FF2 /* TodoTests */,
				F8CB513329BD45DA00537FF2 /* TodoUITests */,
				F8CB511129BD45D800537FF2 /* Products */,
			);
			sourceTree = "<group>";
		};
		F8CB511129BD45D800537FF2 /* Products */ = {
			isa = PBXGroup;
			children = (
				F8CB511029BD45D800537FF2 /* Todo.app */,
				F8CB512629BD45D900537FF2 /* TodoTests.xctest */,
				F8CB513029BD45DA00537FF2 /* TodoUITests.xctest */,
			);
			name = Products;
			sourceTree = "<group>";
		};
		F8CB511229BD45D800537FF2 /* Todo */ = {
			isa = PBXGroup;
			children = (
				F8CB511329BD45D800537FF2 /* AppDelegate.swift */,
				F8CB511529BD45D800537FF2 /* SceneDelegate.swift */,
				F8CB511729BD45D800537FF2 /* ViewController.swift */,
				F8CB511929BD45D800537FF2 /* Main.storyboard */,
				F8CB511C29BD45D900537FF2 /* Assets.xcassets */,
				F8CB511E29BD45D900537FF2 /* LaunchScreen.storyboard */,
				F8CB512129BD45D900537FF2 /* Info.plist */,
			);
			path = Todo;
			sourceTree = "<group>";
		};
		F8CB512929BD45D900537FF2 /* TodoTests */ = {
			isa = PBXGroup;
			children = (
				F8CB512A29BD45D900537FF2 /* TodoTests.swift */,
			);
			path = TodoTests;
			sourceTree = "<group>";
		};
		F8CB513329BD45DA00537FF2 /* TodoUITests */ = {
			isa = PBXGroup;
			children = (
				F8CB513429BD45DA00537FF2 /* TodoUITests.swift */,
				F8CB513629BD45DA00537FF2 /* TodoUITestsLaunchTests.swift */,
			);
			path = TodoUITests;
			sourceTree = "<group>";
		};
/* End PBXGroup section */

/* Begin PBXNativeTarget section */
		F8CB510F29BD45D800537FF2 /* Todo */ = {
			isa = PBXNativeTarget;
			buildConfigurationList = F8CB513A29BD45DA00537FF2 /* Build configuration list for PBXNativeTarget "Todo" */;
			buildPhases = (
				F8CB510C29BD45D800537FF2 /* Sources */,
				F8CB510D29BD45D800537FF2 /* Frameworks */,
				F8CB510E29BD45D800537FF2 /* Resources */,
			);
			buildRules = (
			);
			dependencies = (
			);
			name = Todo;
			productName = Todo;
			productReference = F8CB511029BD45D800537FF2 /* Todo.app */;
			productType = "com.apple.product-type.application";
		};
		F8CB512529BD45D900537FF2 /* TodoTests */ = {
			isa = PBXNativeTarget;
			buildConfigurationList = F8CB513D29BD45DA00537FF2 /* Build configuration list for PBXNativeTarget "TodoTests" */;
			buildPhases = (
				F8CB512229BD45D900537FF2 /* Sources */,
				F8CB512329BD45D900537FF2 /* Frameworks */,
				F8CB512429BD45D900537FF2 /* Resources */,
			);
			buildRules = (
			);
			dependencies = (
				F8CB512829BD45D900537FF2 /* PBXTargetDependency */,
			);
			name = TodoTests;
			productName = TodoTests;
			productReference = F8CB512629BD45D900537FF2 /* TodoTests.xctest */;
			productType = "com.apple.product-type.bundle.unit-test";
		};
		F8CB512F29BD45DA00537FF2 /* TodoUITests */ = {
			isa = PBXNativeTarget;
			buildConfigurationList = F8CB514029BD45DA00537FF2 /* Build configuration list for PBXNativeTarget "TodoUITests" */;
			buildPhases = (
				F8CB512C29BD45DA00537FF2 /* Sources */,
				F8CB512D29BD45DA00537FF2 /* Frameworks */,
				F8CB512E29BD45DA00537FF2 /* Resources */,
			);
			buildRules = (
			);
			dependencies = (
				F8CB513229BD45DA00537FF2 /* PBXTargetDependency */,
			);
			name = TodoUITests;
			productName = TodoUITests;
			productReference = F8CB513029BD45DA00537FF2 /* TodoUITests.xctest */;
			productType = "com.apple.product-type.bundle.ui-testing";
		};
/* End PBXNativeTarget section */

/* Begin PBXProject section */
		F8CB510829BD45D800537FF2 /* Project object */ = {
			isa = PBXProject;
			attributes = {
				BuildIndependentTargetsInParallel = 1;
				LastSwiftUpdateCheck = 1420;
				LastUpgradeCheck = 1420;
				TargetAttributes = {
					F8CB510F29BD45D800537FF2 = {
						CreatedOnToolsVersion = 14.2;
					};
					F8CB512529BD45D900537FF2 = {
						CreatedOnToolsVersion = 14.2;
						TestTargetID = F8CB510F29BD45D800537FF2;
					};
					F8CB512F29BD45DA00537FF2 = {
						CreatedOnToolsVersion = 14.2;
						TestTargetID = F8CB510F29BD45D800537FF2;
					};
				};
			};
			buildConfigurationList = F8CB510B29BD45D800537FF2 /* Build configuration list for PBXProject "Todo" */;
			compatibilityVersion = "Xcode 14.0";
			developmentRegion = en;
			hasScannedForEncodings = 0;
			knownRegions = (
				en,
				Base,
			);
			mainGroup = F8CB510729BD45D800537FF2;
			productRefGroup = F8CB511129BD45D800537FF2 /* Products */;
			projectDirPath = "";
			projectRoot = "";
			targets = (
				F8CB510F29BD45D800537FF2 /* Todo */,
				F8CB512529BD45D900537FF2 /* TodoTests */,
				F8CB512F29BD45DA00537FF2 /* TodoUITests */,
			);
		};
/* End PBXProject section */

/* Begin PBXResourcesBuildPhase section */
		F8CB510E29BD45D800537FF2 /* Resources */ = {
			isa = PBXResourcesBuildPhase;
			buildActionMask = 2147483647;
			files = (
				F8CB512029BD45D900537FF2 /* LaunchScreen.storyboard in Resources */,
				F8CB511D29BD45D900537FF2 /* Assets.xcassets in Resources */,
				F8CB511B29BD45D800537FF2 /* Main.storyboard in Resources */,
			);
			runOnlyForDeploymentPostprocessing = 0;
		};
		F8CB512429BD45D900537FF2 /* Resources */ = {
			isa = PBXResourcesBuildPhase;
			buildActionMask = 2147483647;
			files = (
			);
			runOnlyForDeploymentPostprocessing = 0;
		};
		F8CB512E29BD45DA00537FF2 /* Resources */ = {
			isa = PBXResourcesBuildPhase;
			buildActionMask = 2147483647;
			files = (
			);
			runOnlyForDeploymentPostprocessing = 0;
		};
/* End PBXResourcesBuildPhase section */

/* Begin PBXSourcesBuildPhase section */
		F8CB510C29BD45D800537FF2 /* Sources */ = {
			isa = PBXSourcesBuildPhase;
			buildActionMask = 2147483647;
			files = (
				F8CB511829BD45D800537FF2 /* ViewController.swift in Sources */,
				F8CB511429BD45D800537FF2 /* AppDelegate.swift in Sources */,
				F8CB511629BD45D800537FF2 /* SceneDelegate.swift in Sources */,
			);
			runOnlyForDeploymentPostprocessing = 0;
		};
		F8CB512229BD45D900537FF2 /* Sources */ = {
			isa = PBXSourcesBuildPhase;
			buildActionMask = 2147483647;
			files = (
				F8CB512B29BD45D900537FF2 /* TodoTests.swift in Sources */,
			);
			runOnlyForDeploymentPostprocessing = 0;
		};
		F8CB512C29BD45DA00537FF2 /* Sources */ = {
			isa = PBXSourcesBuildPhase;
			buildActionMask = 2147483647;
			files = (
				F8CB513729BD45DA00537FF2 /* TodoUITestsLaunchTests.swift in Sources */,
				F8CB513529BD45DA00537FF2 /* TodoUITests.swift in Sources */,
			);
			runOnlyForDeploymentPostprocessing = 0;
		};
/* End PBXSourcesBuildPhase section */

/* Begin PBXTargetDependency section */
		F8CB512829BD45D900537FF2 /* PBXTargetDependency */ = {
			isa = PBXTargetDependency;
			target = F8CB510F29BD45D800537FF2 /* Todo */;
			targetProxy = F8CB512729BD45D900537FF2 /* PBXContainerItemProxy */;
		};
		F8CB513229BD45DA00537FF2 /* PBXTargetDependency */ = {
			isa = PBXTargetDependency;
			target = F8CB510F29BD45D800537FF2 /* Todo */;
			targetProxy = F8CB513129BD45DA00537FF2 /* PBXContainerItemProxy */;
		};
/* End PBXTargetDependency section */

/* Begin PBXVariantGroup section */
		F8CB511929BD45D800537FF2 /* Main.storyboard */ = {
			isa = PBXVariantGroup;
			children = (
				F8CB511A29BD45D800537FF2 /* Base */,
			);
			name = Main.storyboard;
			sourceTree = "<group>";
		};
		F8CB511E29BD45D900537FF2 /* LaunchScreen.storyboard */ = {
			isa = PBXVariantGroup;
			children = (
				F8CB511F29BD45D900537FF2 /* Base */,
			);
			name = LaunchScreen.storyboard;
			sourceTree = "<group>";
		};
/* End PBXVariantGroup section */

/* Begin XCBuildConfiguration section */
		F8CB513829BD45DA00537FF2 /* Debug */ = {
			isa = XCBuildConfiguration;
			buildSettings = {
				ALWAYS_SEARCH_USER_PATHS = NO;
				CLANG_ANALYZER_NONNULL = YES;
				CLANG_ANALYZER_NUMBER_OBJECT_CONVERSION = YES_AGGRESSIVE;
				CLANG_CXX_LANGUAGE_STANDARD = "gnu++20";
				CLANG_ENABLE_MODULES = YES;
				CLANG_ENABLE_OBJC_ARC = YES;
				CLANG_ENABLE_OBJC_WEAK = YES;
				CLANG_WARN_BLOCK_CAPTURE_AUTORELEASING = YES;
				CLANG_WARN_BOOL_CONVERSION = YES;
				CLANG_WARN_COMMA = YES;
				CLANG_WARN_CONSTANT_CONVERSION = YES;
				CLANG_WARN_DEPRECATED_OBJC_IMPLEMENTATIONS = YES;
				CLANG_WARN_DIRECT_OBJC_ISA_USAGE = YES_ERROR;
				CLANG_WARN_DOCUMENTATION_COMMENTS = YES;
				CLANG_WARN_EMPTY_BODY = YES;
				CLANG_WARN_ENUM_CONVERSION = YES;
				CLANG_WARN_INFINITE_RECURSION = YES;
				CLANG_WARN_INT_CONVERSION = YES;
				CLANG_WARN_NON_LITERAL_NULL_CONVERSION = YES;
				CLANG_WARN_OBJC_IMPLICIT_RETAIN_SELF = YES;
				CLANG_WARN_OBJC_LITERAL_CONVERSION = YES;
				CLANG_WARN_OBJC_ROOT_CLASS = YES_ERROR;
				CLANG_WARN_QUOTED_INCLUDE_IN_FRAMEWORK_HEADER = YES;
				CLANG_WARN_RANGE_LOOP_ANALYSIS = YES;
				CLANG_WARN_STRICT_PROTOTYPES = YES;
				CLANG_WARN_SUSPICIOUS_MOVE = YES;
				CLANG_WARN_UNGUARDED_AVAILABILITY = YES_AGGRESSIVE;
				CLANG_WARN_UNREACHABLE_CODE = YES;
				CLANG_WARN__DUPLICATE_METHOD_MATCH = YES;
				COPY_PHASE_STRIP = NO;
				DEBUG_INFORMATION_FORMAT = dwarf;
				ENABLE_STRICT_OBJC_MSGSEND = YES;
				ENABLE_TESTABILITY = YES;
				GCC_C_LANGUAGE_STANDARD = gnu11;
				GCC_DYNAMIC_NO_PIC = NO;
				GCC_NO_COMMON_BLOCKS = YES;
				GCC_OPTIMIZATION_LEVEL = 0;
				GCC_PREPROCESSOR_DEFINITIONS = (
					"DEBUG=1",
					"$(inherited)",
				);
				GCC_WARN_64_TO_32_BIT_CONVERSION = YES;
				GCC_WARN_ABOUT_RETURN_TYPE = YES_ERROR;
				GCC_WARN_UNDECLARED_SELECTOR = YES;
				GCC_WARN_UNINITIALIZED_AUTOS = YES_AGGRESSIVE;
				GCC_WARN_UNUSED_FUNCTION = YES;
				GCC_WARN_UNUSED_VARIABLE = YES;
				IPHONEOS_DEPLOYMENT_TARGET = 16.2;
				MTL_ENABLE_DEBUG_INFO = INCLUDE_SOURCE;
				MTL_FAST_MATH = YES;
				ONLY_ACTIVE_ARCH = YES;
				SDKROOT = iphoneos;
				SWIFT_ACTIVE_COMPILATION_CONDITIONS = DEBUG;
				SWIFT_OPTIMIZATION_LEVEL = "-Onone";
			};
			name = Debug;
		};
		F8CB513929BD45DA00537FF2 /* Release */ = {
			isa = XCBuildConfiguration;
			buildSettings = {
				ALWAYS_SEARCH_USER_PATHS = NO;
				CLANG_ANALYZER_NONNULL = YES;
				CLANG_ANALYZER_NUMBER_OBJECT_CONVERSION = YES_AGGRESSIVE;
				CLANG_CXX_LANGUAGE_STANDARD = "gnu++20";
				CLANG_ENABLE_MODULES = YES;
				CLANG_ENABLE_OBJC_ARC = YES;
				CLANG_ENABLE_OBJC_WEAK = YES;
				CLANG_WARN_BLOCK_CAPTURE_AUTORELEASING = YES;
				CLANG_WARN_BOOL_CONVERSION = YES;
				CLANG_WARN_COMMA = YES;
				CLANG_WARN_CONSTANT_CONVERSION = YES;
				CLANG_WARN_DEPRECATED_OBJC_IMPLEMENTATIONS = YES;
				CLANG_WARN_DIRECT_OBJC_ISA_USAGE = YES_ERROR;
				CLANG_WARN_DOCUMENTATION_COMMENTS = YES;
				CLANG_WARN_EMPTY_BODY = YES;
				CLANG_WARN_ENUM_CONVERSION = YES;
				CLANG_WARN_INFINITE_RECURSION = YES;
				CLANG_WARN_INT_CONVERSION = YES;
				CLANG_WARN_NON_LITERAL_NULL_CONVERSION = YES;
				CLANG_WARN_OBJC_IMPLICIT_RETAIN_SELF = YES;
				CLANG_WARN_OBJC_LITERAL_CONVERSION = YES;
				CLANG_WARN_OBJC_ROOT_CLASS = YES_ERROR;
				CLANG_WARN_QUOTED_INCLUDE_IN_FRAMEWORK_HEADER = YES;
				CLANG_WARN_RANGE_LOOP_ANALYSIS = YES;
				CLANG_WARN_STRICT_PROTOTYPES = YES;
				CLANG_WARN_SUSPICIOUS_MOVE = YES;
				CLANG_WARN_UNGUARDED_AVAILABILITY = YES_AGGRESSIVE;
				CLANG_WARN_UNREACHABLE_CODE = YES;
				CLANG_WARN__DUPLICATE_METHOD_MATCH = YES;
				COPY_PHASE_STRIP = NO;
				DEBUG_INFORMATION_FORMAT = "dwarf-with-dsym";
				ENABLE_NS_ASSERTIONS = NO;
				ENABLE_STRICT_OBJC_MSGSEND = YES;
				GCC_C_LANGUAGE_STANDARD = gnu11;
				GCC_NO_COMMON_BLOCKS = YES;
				GCC_WARN_64_TO_32_BIT_CONVERSION = YES;
				GCC_WARN_ABOUT_RETURN_TYPE = YES_ERROR;
				GCC_WARN_UNDECLARED_SELECTOR = YES;
				GCC_WARN_UNINITIALIZED_AUTOS = YES_AGGRESSIVE;
				GCC_WARN_UNUSED_FUNCTION = YES;
				GCC_WARN_UNUSED_VARIABLE = YES;
				IPHONEOS_DEPLOYMENT_TARGET = 16.2;
				MTL_ENABLE_DEBUG_INFO = NO;
				MTL_FAST_MATH = YES;
				SDKROOT = iphoneos;
				SWIFT_COMPILATION_MODE = wholemodule;
				SWIFT_OPTIMIZATION_LEVEL = "-O";
				VALIDATE_PRODUCT = YES;
			};
			name = Release;
		};
		F8CB513B29BD45DA00537FF2 /* Debug */ = {
			isa = XCBuildConfiguration;
			buildSettings = {
				ASSETCATALOG_COMPILER_APPICON_NAME = AppIcon;
				ASSETCATALOG_COMPILER_GLOBAL_ACCENT_COLOR_NAME = AccentColor;
				CODE_SIGN_STYLE = Automatic;
				CURRENT_PROJECT_VERSION = 1;
				GENERATE_INFOPLIST_FILE = YES;
				INFOPLIST_FILE = Todo/Info.plist;
				INFOPLIST_KEY_UIApplicationSupportsIndirectInputEvents = YES;
				INFOPLIST_KEY_UILaunchStoryboardName = LaunchScreen;
				INFOPLIST_KEY_UIMainStoryboardFile = Main;
				INFOPLIST_KEY_UISupportedInterfaceOrientations_iPad = "UIInterfaceOrientationPortrait UIInterfaceOrientationPortraitUpsideDown UIInterfaceOrientationLandscapeLeft UIInterfaceOrientationLandscapeRight";
				INFOPLIST_KEY_UISupportedInterfaceOrientations_iPhone = "UIInterfaceOrientationPortrait UIInterfaceOrientationLandscapeLeft UIInterfaceOrientationLandscapeRight";
				LD_RUNPATH_SEARCH_PATHS = (
					"$(inherited)",
					"@executable_path/Frameworks",
				);
				MARKETING_VERSION = 1.0;
				PRODUCT_BUNDLE_IDENTIFIER = "npx-expo-start-react-app.Todo";
				PRODUCT_NAME = "$(TARGET_NAME)";
				SWIFT_EMIT_LOC_STRINGS = YES;
				SWIFT_VERSION = 5.0;
				TARGETED_DEVICE_FAMILY = "1,2";
			};
			name = Debug;
		};
		F8CB513C29BD45DA00537FF2 /* Release */ = {
			isa = XCBuildConfiguration;
			buildSettings = {
				ASSETCATALOG_COMPILER_APPICON_NAME = AppIcon;
				ASSETCATALOG_COMPILER_GLOBAL_ACCENT_COLOR_NAME = AccentColor;
				CODE_SIGN_STYLE = Automatic;
				CURRENT_PROJECT_VERSION = 1;
				GENERATE_INFOPLIST_FILE = YES;
				INFOPLIST_FILE = Todo/Info.plist;
				INFOPLIST_KEY_UIApplicationSupportsIndirectInputEvents = YES;
				INFOPLIST_KEY_UILaunchStoryboardName = LaunchScreen;
				INFOPLIST_KEY_UIMainStoryboardFile = Main;
				INFOPLIST_KEY_UISupportedInterfaceOrientations_iPad = "UIInterfaceOrientationPortrait UIInterfaceOrientationPortraitUpsideDown UIInterfaceOrientationLandscapeLeft UIInterfaceOrientationLandscapeRight";
				INFOPLIST_KEY_UISupportedInterfaceOrientations_iPhone = "UIInterfaceOrientationPortrait UIInterfaceOrientationLandscapeLeft UIInterfaceOrientationLandscapeRight";
				LD_RUNPATH_SEARCH_PATHS = (
					"$(inherited)",
					"@executable_path/Frameworks",
				);
				MARKETING_VERSION = 1.0;
				PRODUCT_BUNDLE_IDENTIFIER = "npx-expo-start-react-app.Todo";
				PRODUCT_NAME = "$(TARGET_NAME)";
				SWIFT_EMIT_LOC_STRINGS = YES;
				SWIFT_VERSION = 5.0;
				TARGETED_DEVICE_FAMILY = "1,2";
			};
			name = Release;
		};
		F8CB513E29BD45DA00537FF2 /* Debug */ = {
			isa = XCBuildConfiguration;
			buildSettings = {
				ALWAYS_EMBED_SWIFT_STANDARD_LIBRARIES = YES;
				BUNDLE_LOADER = "$(TEST_HOST)";
				CODE_SIGN_STYLE = Automatic;
				CURRENT_PROJECT_VERSION = 1;
				GENERATE_INFOPLIST_FILE = YES;
				IPHONEOS_DEPLOYMENT_TARGET = 16.2;
				MARKETING_VERSION = 1.0;
				PRODUCT_BUNDLE_IDENTIFIER = "npx-expo-start-react-app.TodoTests";
				PRODUCT_NAME = "$(TARGET_NAME)";
				SWIFT_EMIT_LOC_STRINGS = NO;
				SWIFT_VERSION = 5.0;
				TARGETED_DEVICE_FAMILY = "1,2";
				TEST_HOST = "$(BUILT_PRODUCTS_DIR)/Todo.app/$(BUNDLE_EXECUTABLE_FOLDER_PATH)/Todo";
			};
			name = Debug;
		};
		F8CB513F29BD45DA00537FF2 /* Release */ = {
			isa = XCBuildConfiguration;
			buildSettings = {
				ALWAYS_EMBED_SWIFT_STANDARD_LIBRARIES = YES;
				BUNDLE_LOADER = "$(TEST_HOST)";
				CODE_SIGN_STYLE = Automatic;
				CURRENT_PROJECT_VERSION = 1;
				GENERATE_INFOPLIST_FILE = YES;
				IPHONEOS_DEPLOYMENT_TARGET = 16.2;
				MARKETING_VERSION = 1.0;
				PRODUCT_BUNDLE_IDENTIFIER = "npx-expo-start-react-app.TodoTests";
				PRODUCT_NAME = "$(TARGET_NAME)";
				SWIFT_EMIT_LOC_STRINGS = NO;
				SWIFT_VERSION = 5.0;
				TARGETED_DEVICE_FAMILY = "1,2";
				TEST_HOST = "$(BUILT_PRODUCTS_DIR)/Todo.app/$(BUNDLE_EXECUTABLE_FOLDER_PATH)/Todo";
			};
			name = Release;
		};
		F8CB514129BD45DA00537FF2 /* Debug */ = {
			isa = XCBuildConfiguration;
			buildSettings = {
				ALWAYS_EMBED_SWIFT_STANDARD_LIBRARIES = YES;
				CODE_SIGN_STYLE = Automatic;
				CURRENT_PROJECT_VERSION = 1;
				GENERATE_INFOPLIST_FILE = YES;
				MARKETING_VERSION = 1.0;
				PRODUCT_BUNDLE_IDENTIFIER = "npx-expo-start-react-app.TodoUITests";
				PRODUCT_NAME = "$(TARGET_NAME)";
				SWIFT_EMIT_LOC_STRINGS = NO;
				SWIFT_VERSION = 5.0;
				TARGETED_DEVICE_FAMILY = "1,2";
				TEST_TARGET_NAME = Todo;
			};
			name = Debug;
		};
		F8CB514229BD45DA00537FF2 /* Release */ = {
			isa = XCBuildConfiguration;
			buildSettings = {
				ALWAYS_EMBED_SWIFT_STANDARD_LIBRARIES = YES;
				CODE_SIGN_STYLE = Automatic;
				CURRENT_PROJECT_VERSION = 1;
				GENERATE_INFOPLIST_FILE = YES;
				MARKETING_VERSION = 1.0;
				PRODUCT_BUNDLE_IDENTIFIER = "npx-expo-start-react-app.TodoUITests";
				PRODUCT_NAME = "$(TARGET_NAME)";
				SWIFT_EMIT_LOC_STRINGS = NO;
				SWIFT_VERSION = 5.0;
				TARGETED_DEVICE_FAMILY = "1,2";
				TEST_TARGET_NAME = Todo;
			};
			name = Release;
		};
/* End XCBuildConfiguration section */

/* Begin XCConfigurationList section */
		F8CB510B29BD45D800537FF2 /* Build configuration list for PBXProject "Todo" */ = {
			isa = XCConfigurationList;
			buildConfigurations = (
				F8CB513829BD45DA00537FF2 /* Debug */,
				F8CB513929BD45DA00537FF2 /* Release */,
			);
			defaultConfigurationIsVisible = 0;
			defaultConfigurationName = Release;
		};
		F8CB513A29BD45DA00537FF2 /* Build configuration list for PBXNativeTarget "Todo" */ = {
			isa = XCConfigurationList;
			buildConfigurations = (
				F8CB513B29BD45DA00537FF2 /* Debug */,
				F8CB513C29BD45DA00537FF2 /* Release */,
			);
			defaultConfigurationIsVisible = 0;
			defaultConfigurationName = Release;
		};
		F8CB513D29BD45DA00537FF2 /* Build configuration list for PBXNativeTarget "TodoTests" */ = {
			isa = XCConfigurationList;
			buildConfigurations = (
				F8CB513E29BD45DA00537FF2 /* Debug */,
				F8CB513F29BD45DA00537FF2 /* Release */,
			);
			defaultConfigurationIsVisible = 0;
			defaultConfigurationName = Release;
		};
		F8CB514029BD45DA00537FF2 /* Build configuration list for PBXNativeTarget "TodoUITests" */ = {
			isa = XCConfigurationList;
			buildConfigurations = (
				F8CB514129BD45DA00537FF2 /* Debug */,
				F8CB514229BD45DA00537FF2 /* Release */,
			);
			defaultConfigurationIsVisible = 0;
			defaultConfigurationName = Release;
		};
/* End XCConfigurationList section */
	};
	rootObject = F8CB510829BD45D800537FF2 /* Project object */;
}
